// !$*UTF8*$!
{
	archiveVersion = 1;
	classes = {
	};
	objectVersion = 77;
	objects = {

/* Begin PBXBuildFile section */
		11C9E072C99768F0207BAFE9 /* TimerManager.swift in Sources */ = {isa = PBXBuildFile; fileRef = EA305205DE1DAC4D48F7AF61 /* TimerManager.swift */; };
		1CA3AD103B30FC00F73BCD16 /* BreakerApp.swift in Sources */ = {isa = PBXBuildFile; fileRef = EE9F4976E774F1AB0AD99BD3 /* BreakerApp.swift */; };
		38B6AFA37862959BFB3D2651 /* BreakOverlayView.swift in Sources */ = {isa = PBXBuildFile; fileRef = C7E65C03FD02C95E94E37B03 /* BreakOverlayView.swift */; };
		43C0E8D5467AC82EAF78BC51 /* MeetingDetector.swift in Sources */ = {isa = PBXBuildFile; fileRef = A65C9A327529DC1605E7B7EE /* MeetingDetector.swift */; };
		4CA0CB3DEADEEF67944A351D /* SettingsView.swift in Sources */ = {isa = PBXBuildFile; fileRef = 1689D30BD382E17E58D5A3F4 /* SettingsView.swift */; };
		5A8C786D1ED3751E38E587A0 /* OverlayManager.swift in Sources */ = {isa = PBXBuildFile; fileRef = 9F311CF6F6A0A9BB6B0235AD /* OverlayManager.swift */; };
		C4AD3F742A28B1BB2EDEEB01 /* MenuBarView.swift in Sources */ = {isa = PBXBuildFile; fileRef = D2C4D287507D0E071A66381B /* MenuBarView.swift */; };
		DAAE4FF500E045206D0C1AB6 /* Assets.xcassets in Resources */ = {isa = PBXBuildFile; fileRef = 4B02DA5537579EC298690B68 /* Assets.xcassets */; };
/* End PBXBuildFile section */

/* Begin PBXFileReference section */
		0DD09CB77633BE66F1C53774 /* Breaker.app */ = {isa = PBXFileReference; explicitFileType = wrapper.application; includeInIndex = 0; path = Breaker.app; sourceTree = BUILT_PRODUCTS_DIR; };
		103A58AAF658C9136D2D5C18 /* Breaker.entitlements */ = {isa = PBXFileReference; lastKnownFileType = text.plist.entitlements; path = Breaker.entitlements; sourceTree = "<group>"; };
		1689D30BD382E17E58D5A3F4 /* SettingsView.swift */ = {isa = PBXFileReference; lastKnownFileType = sourcecode.swift; path = SettingsView.swift; sourceTree = "<group>"; };
		4B02DA5537579EC298690B68 /* Assets.xcassets */ = {isa = PBXFileReference; lastKnownFileType = folder.assetcatalog; path = Assets.xcassets; sourceTree = "<group>"; };
		9F311CF6F6A0A9BB6B0235AD /* OverlayManager.swift */ = {isa = PBXFileReference; lastKnownFileType = sourcecode.swift; path = OverlayManager.swift; sourceTree = "<group>"; };
		A65C9A327529DC1605E7B7EE /* MeetingDetector.swift */ = {isa = PBXFileReference; lastKnownFileType = sourcecode.swift; path = MeetingDetector.swift; sourceTree = "<group>"; };
		C7E65C03FD02C95E94E37B03 /* BreakOverlayView.swift */ = {isa = PBXFileReference; lastKnownFileType = sourcecode.swift; path = BreakOverlayView.swift; sourceTree = "<group>"; };
		D2C4D287507D0E071A66381B /* MenuBarView.swift */ = {isa = PBXFileReference; lastKnownFileType = sourcecode.swift; path = MenuBarView.swift; sourceTree = "<group>"; };
		EA305205DE1DAC4D48F7AF61 /* TimerManager.swift */ = {isa = PBXFileReference; lastKnownFileType = sourcecode.swift; path = TimerManager.swift; sourceTree = "<group>"; };
		EE9F4976E774F1AB0AD99BD3 /* BreakerApp.swift */ = {isa = PBXFileReference; lastKnownFileType = sourcecode.swift; path = BreakerApp.swift; sourceTree = "<group>"; };
		FBB0CB3789D5CFB16E519576 /* Info.plist */ = {isa = PBXFileReference; lastKnownFileType = text.plist; path = Info.plist; sourceTree = "<group>"; };
/* End PBXFileReference section */

/* Begin PBXGroup section */
		0D377EFAA2DD5ED40DB45691 /* Products */ = {
			isa = PBXGroup;
			children = (
				0DD09CB77633BE66F1C53774 /* Breaker.app */,
			);
			name = Products;
			sourceTree = "<group>";
		};
		184B20B3224DA9661B1367A0 = {
			isa = PBXGroup;
			children = (
				373012003E5D72A667255447 /* Breaker */,
				0D377EFAA2DD5ED40DB45691 /* Products */,
			);
			sourceTree = "<group>";
		};
		373012003E5D72A667255447 /* Breaker */ = {
			isa = PBXGroup;
			children = (
				4B02DA5537579EC298690B68 /* Assets.xcassets */,
				103A58AAF658C9136D2D5C18 /* Breaker.entitlements */,
				EE9F4976E774F1AB0AD99BD3 /* BreakerApp.swift */,
				C7E65C03FD02C95E94E37B03 /* BreakOverlayView.swift */,
				FBB0CB3789D5CFB16E519576 /* Info.plist */,
				A65C9A327529DC1605E7B7EE /* MeetingDetector.swift */,
				D2C4D287507D0E071A66381B /* MenuBarView.swift */,
				9F311CF6F6A0A9BB6B0235AD /* OverlayManager.swift */,
				1689D30BD382E17E58D5A3F4 /* SettingsView.swift */,
				EA305205DE1DAC4D48F7AF61 /* TimerManager.swift */,
			);
			path = Breaker;
			sourceTree = "<group>";
		};
/* End PBXGroup section */

/* Begin PBXNativeTarget section */
		D735896FD59811CAF8F0D9E4 /* Breaker */ = {
			isa = PBXNativeTarget;
			buildConfigurationList = 14DA9CF75A5B6EB4D69CF5BF /* Build configuration list for PBXNativeTarget "Breaker" */;
			buildPhases = (
				BB9919B6A0C667F86D8F004F /* Sources */,
				97FBC1530986049DDBF23B01 /* Resources */,
			);
			buildRules = (
			);
			dependencies = (
			);
			name = Breaker;
			packageProductDependencies = (
			);
			productName = Breaker;
			productReference = 0DD09CB77633BE66F1C53774 /* Breaker.app */;
			productType = "com.apple.product-type.application";
		};
/* End PBXNativeTarget section */

/* Begin PBXProject section */
		4739B52BE1F5FCD5C9298B10 /* Project object */ = {
			isa = PBXProject;
			attributes = {
				BuildIndependentTargetsInParallel = YES;
				LastUpgradeCheck = 1500;
				TargetAttributes = {
					D735896FD59811CAF8F0D9E4 = {
						ProvisioningStyle = Automatic;
					};
				};
			};
			buildConfigurationList = 3611F8A2C69577B0D06A55EA /* Build configuration list for PBXProject "Breaker" */;
			developmentRegion = en;
			hasScannedForEncodings = 0;
			knownRegions = (
				Base,
				en,
			);
			mainGroup = 184B20B3224DA9661B1367A0;
			minimizedProjectReferenceProxies = 1;
			preferredProjectObjectVersion = 77;
			productRefGroup = 0D377EFAA2DD5ED40DB45691 /* Products */;
			projectDirPath = "";
			projectRoot = "";
			targets = (
				D735896FD59811CAF8F0D9E4 /* Breaker */,
			);
		};
/* End PBXProject section */

/* Begin PBXResourcesBuildPhase section */
		97FBC1530986049DDBF23B01 /* Resources */ = {
			isa = PBXResourcesBuildPhase;
			buildActionMask = 2147483647;
			files = (
				DAAE4FF500E045206D0C1AB6 /* Assets.xcassets in Resources */,
			);
			runOnlyForDeploymentPostprocessing = 0;
		};
/* End PBXResourcesBuildPhase section */

/* Begin PBXSourcesBuildPhase section */
		BB9919B6A0C667F86D8F004F /* Sources */ = {
			isa = PBXSourcesBuildPhase;
			buildActionMask = 2147483647;
			files = (
				38B6AFA37862959BFB3D2651 /* BreakOverlayView.swift in Sources */,
				1CA3AD103B30FC00F73BCD16 /* BreakerApp.swift in Sources */,
				43C0E8D5467AC82EAF78BC51 /* MeetingDetector.swift in Sources */,
				C4AD3F742A28B1BB2EDEEB01 /* MenuBarView.swift in Sources */,
				5A8C786D1ED3751E38E587A0 /* OverlayManager.swift in Sources */,
				4CA0CB3DEADEEF67944A351D /* SettingsView.swift in Sources */,
				11C9E072C99768F0207BAFE9 /* TimerManager.swift in Sources */,
			);
			runOnlyForDeploymentPostprocessing = 0;
		};
/* End PBXSourcesBuildPhase section */

/* Begin XCBuildConfiguration section */
		159D1A284D67282E626E074D /* Debug */ = {
			isa = XCBuildConfiguration;
			buildSettings = {
				ASSETCATALOG_COMPILER_APPICON_NAME = AppIcon;
				CODE_SIGN_ENTITLEMENTS = Breaker/Breaker.entitlements;
				CODE_SIGN_STYLE = Automatic;
				COMBINE_HIDPI_IMAGES = YES;
				CURRENT_PROJECT_VERSION = 1;
				ENABLE_HARDENED_RUNTIME = YES;
				INFOPLIST_FILE = Breaker/Info.plist;
				LD_RUNPATH_SEARCH_PATHS = (
					"$(inherited)",
					"@executable_path/../Frameworks",
				);
				MACOSX_DEPLOYMENT_TARGET = 13.0;
				MARKETING_VERSION = 1.0.0;
				PRODUCT_BUNDLE_IDENTIFIER = com.breaker.app;
				SDKROOT = macosx;
				SWIFT_VERSION = 5.9;
			};
			name = Debug;
		};
		2E2AD4D1F3F8291F24404AA6 /* Debug */ = {
			isa = XCBuildConfiguration;
			buildSettings = {
				ALWAYS_SEARCH_USER_PATHS = NO;
				CLANG_ANALYZER_NONNULL = YES;
				CLANG_ANALYZER_NUMBER_OBJECT_CONVERSION = YES_AGGRESSIVE;
				CLANG_CXX_LANGUAGE_STANDARD = "gnu++14";
				CLANG_CXX_LIBRARY = "libc++";
				CLANG_ENABLE_MODULES = YES;
				CLANG_ENABLE_OBJC_ARC = YES;
				CLANG_ENABLE_OBJC_WEAK = YES;
				CLANG_WARN_BLOCK_CAPTURE_AUTORELEASING = YES;
				CLANG_WARN_BOOL_CONVERSION = YES;
				CLANG_WARN_COMMA = YES;
				CLANG_WARN_CONSTANT_CONVERSION = YES;
				CLANG_WARN_DEPRECATED_OBJC_IMPLEMENTATIONS = YES;
				CLANG_WARN_DIRECT_OBJC_ISA_USAGE = YES_ERROR;
				CLANG_WARN_DOCUMENTATION_COMMENTS = YES;
				CLANG_WARN_EMPTY_BODY = YES;
				CLANG_WARN_ENUM_CONVERSION = YES;
				CLANG_WARN_INFINITE_RECURSION = YES;
				CLANG_WARN_INT_CONVERSION = YES;
				CLANG_WARN_NON_LITERAL_NULL_CONVERSION = YES;
				CLANG_WARN_OBJC_IMPLICIT_RETAIN_SELF = YES;
				CLANG_WARN_OBJC_LITERAL_CONVERSION = YES;
				CLANG_WARN_OBJC_ROOT_CLASS = YES_ERROR;
				CLANG_WARN_QUOTED_INCLUDE_IN_FRAMEWORK_HEADER = YES;
				CLANG_WARN_RANGE_LOOP_ANALYSIS = YES;
				CLANG_WARN_STRICT_PROTOTYPES = YES;
				CLANG_WARN_SUSPICIOUS_MOVE = YES;
				CLANG_WARN_UNGUARDED_AVAILABILITY = YES_AGGRESSIVE;
				CLANG_WARN_UNREACHABLE_CODE = YES;
				CLANG_WARN__DUPLICATE_METHOD_MATCH = YES;
				COPY_PHASE_STRIP = NO;
				DEBUG_INFORMATION_FORMAT = dwarf;
				ENABLE_STRICT_OBJC_MSGSEND = YES;
				ENABLE_TESTABILITY = YES;
				GCC_C_LANGUAGE_STANDARD = gnu11;
				GCC_DYNAMIC_NO_PIC = NO;
				GCC_NO_COMMON_BLOCKS = YES;
				GCC_OPTIMIZATION_LEVEL = 0;
				GCC_PREPROCESSOR_DEFINITIONS = (
					"$(inherited)",
					"DEBUG=1",
				);
				GCC_WARN_64_TO_32_BIT_CONVERSION = YES;
				GCC_WARN_ABOUT_RETURN_TYPE = YES_ERROR;
				GCC_WARN_UNDECLARED_SELECTOR = YES;
				GCC_WARN_UNINITIALIZED_AUTOS = YES_AGGRESSIVE;
				GCC_WARN_UNUSED_FUNCTION = YES;
				GCC_WARN_UNUSED_VARIABLE = YES;
				MACOSX_DEPLOYMENT_TARGET = 13.0;
				MTL_ENABLE_DEBUG_INFO = INCLUDE_SOURCE;
				MTL_FAST_MATH = YES;
				ONLY_ACTIVE_ARCH = YES;
				PRODUCT_NAME = "$(TARGET_NAME)";
				SDKROOT = macosx;
				SWIFT_ACTIVE_COMPILATION_CONDITIONS = DEBUG;
				SWIFT_OPTIMIZATION_LEVEL = "-Onone";
				SWIFT_VERSION = 5.0;
			};
			name = Debug;
		};
		84F55567A54EA5CABBF7E823 /* Release */ = {
			isa = XCBuildConfiguration;
			buildSettings = {
				ASSETCATALOG_COMPILER_APPICON_NAME = AppIcon;
				CODE_SIGN_ENTITLEMENTS = Breaker/Breaker.entitlements;
				CODE_SIGN_STYLE = Automatic;
				COMBINE_HIDPI_IMAGES = YES;
				CURRENT_PROJECT_VERSION = 1;
				ENABLE_HARDENED_RUNTIME = YES;
				INFOPLIST_FILE = Breaker/Info.plist;
				LD_RUNPATH_SEARCH_PATHS = (
					"$(inherited)",
					"@executable_path/../Frameworks",
				);
				MACOSX_DEPLOYMENT_TARGET = 13.0;
				MARKETING_VERSION = 1.0.0;
				PRODUCT_BUNDLE_IDENTIFIER = com.breaker.app;
				SDKROOT = macosx;
				SWIFT_VERSION = 5.9;
			};
			name = Release;
		};
		ED26EC76BB8D57766AB0B5AE /* Release */ = {
			isa = XCBuildConfiguration;
			buildSettings = {
				ALWAYS_SEARCH_USER_PATHS = NO;
				CLANG_ANALYZER_NONNULL = YES;
				CLANG_ANALYZER_NUMBER_OBJECT_CONVERSION = YES_AGGRESSIVE;
				CLANG_CXX_LANGUAGE_STANDARD = "gnu++14";
				CLANG_CXX_LIBRARY = "libc++";
				CLANG_ENABLE_MODULES = YES;
				CLANG_ENABLE_OBJC_ARC = YES;
				CLANG_ENABLE_OBJC_WEAK = YES;
				CLANG_WARN_BLOCK_CAPTURE_AUTORELEASING = YES;
				CLANG_WARN_BOOL_CONVERSION = YES;
				CLANG_WARN_COMMA = YES;
				CLANG_WARN_CONSTANT_CONVERSION = YES;
				CLANG_WARN_DEPRECATED_OBJC_IMPLEMENTATIONS = YES;
				CLANG_WARN_DIRECT_OBJC_ISA_USAGE = YES_ERROR;
				CLANG_WARN_DOCUMENTATION_COMMENTS = YES;
				CLANG_WARN_EMPTY_BODY = YES;
				CLANG_WARN_ENUM_CONVERSION = YES;
				CLANG_WARN_INFINITE_RECURSION = YES;
				CLANG_WARN_INT_CONVERSION = YES;
				CLANG_WARN_NON_LITERAL_NULL_CONVERSION = YES;
				CLANG_WARN_OBJC_IMPLICIT_RETAIN_SELF = YES;
				CLANG_WARN_OBJC_LITERAL_CONVERSION = YES;
				CLANG_WARN_OBJC_ROOT_CLASS = YES_ERROR;
				CLANG_WARN_QUOTED_INCLUDE_IN_FRAMEWORK_HEADER = YES;
				CLANG_WARN_RANGE_LOOP_ANALYSIS = YES;
				CLANG_WARN_STRICT_PROTOTYPES = YES;
				CLANG_WARN_SUSPICIOUS_MOVE = YES;
				CLANG_WARN_UNGUARDED_AVAILABILITY = YES_AGGRESSIVE;
				CLANG_WARN_UNREACHABLE_CODE = YES;
				CLANG_WARN__DUPLICATE_METHOD_MATCH = YES;
				COPY_PHASE_STRIP = NO;
				DEBUG_INFORMATION_FORMAT = "dwarf-with-dsym";
				ENABLE_NS_ASSERTIONS = NO;
				ENABLE_STRICT_OBJC_MSGSEND = YES;
				GCC_C_LANGUAGE_STANDARD = gnu11;
				GCC_NO_COMMON_BLOCKS = YES;
				GCC_WARN_64_TO_32_BIT_CONVERSION = YES;
				GCC_WARN_ABOUT_RETURN_TYPE = YES_ERROR;
				GCC_WARN_UNDECLARED_SELECTOR = YES;
				GCC_WARN_UNINITIALIZED_AUTOS = YES_AGGRESSIVE;
				GCC_WARN_UNUSED_FUNCTION = YES;
				GCC_WARN_UNUSED_VARIABLE = YES;
				MACOSX_DEPLOYMENT_TARGET = 13.0;
				MTL_ENABLE_DEBUG_INFO = NO;
				MTL_FAST_MATH = YES;
				PRODUCT_NAME = "$(TARGET_NAME)";
				SDKROOT = macosx;
				SWIFT_COMPILATION_MODE = wholemodule;
				SWIFT_OPTIMIZATION_LEVEL = "-O";
				SWIFT_VERSION = 5.0;
			};
			name = Release;
		};
/* End XCBuildConfiguration section */

/* Begin XCConfigurationList section */
		14DA9CF75A5B6EB4D69CF5BF /* Build configuration list for PBXNativeTarget "Breaker" */ = {
			isa = XCConfigurationList;
			buildConfigurations = (
				159D1A284D67282E626E074D /* Debug */,
				84F55567A54EA5CABBF7E823 /* Release */,
			);
			defaultConfigurationIsVisible = 0;
			defaultConfigurationName = Debug;
		};
		3611F8A2C69577B0D06A55EA /* Build configuration list for PBXProject "Breaker" */ = {
			isa = XCConfigurationList;
			buildConfigurations = (
				2E2AD4D1F3F8291F24404AA6 /* Debug */,
				ED26EC76BB8D57766AB0B5AE /* Release */,
			);
			defaultConfigurationIsVisible = 0;
			defaultConfigurationName = Debug;
		};
/* End XCConfigurationList section */
	};
	rootObject = 4739B52BE1F5FCD5C9298B10 /* Project object */;
}
